
Microsoft Visual Studio Solution File, Format Version 12.00
# Visual Studio 15
VisualStudioVersion = 15.0.27130.0
MinimumVisualStudioVersion = 10.0.40219.1
Project("{FAE04EC0-301F-11D3-BF4B-00C04F79EFBC}") = "Jogadores", "Jogadores\Jogadores.csproj", "{14BFD952-9289-43CC-B42D-7E509F7A7F09}"
EndProject
Project("{FAE04EC0-301F-11D3-BF4B-00C04F79EFBC}") = "Hosting", "Hosting\Hosting.csproj", "{E64722E5-C9FB-4AFC-B55A-DDC2E525CE9D}"
EndProject
Project("{FAE04EC0-301F-11D3-BF4B-00C04F79EFBC}") = "ConsumindoServico", "ConsumindoServico\ConsumindoServico.csproj", "{70A9D6A1-EDEE-4526-9175-F19374C377F3}"
	ProjectSection(ProjectDependencies) = postProject
		{14BFD952-9289-43CC-B42D-7E509F7A7F09} = {14BFD952-9289-43CC-B42D-7E509F7A7F09}
	EndProjectSection
EndProject
Global
	GlobalSection(SolutionConfigurationPlatforms) = preSolution
		Debug|Any CPU = Debug|Any CPU
		Release|Any CPU = Release|Any CPU
	EndGlobalSection
	GlobalSection(ProjectConfigurationPlatforms) = postSolution
		{14BFD952-9289-43CC-B42D-7E509F7A7F09}.Debug|Any CPU.ActiveCfg = Debug|Any CPU
		{14BFD952-9289-43CC-B42D-7E509F7A7F09}.Debug|Any CPU.Build.0 = Debug|Any CPU
		{14BFD952-9289-43CC-B42D-7E509F7A7F09}.Release|Any CPU.ActiveCfg = Release|Any CPU
		{14BFD952-9289-43CC-B42D-7E509F7A7F09}.Release|Any CPU.Build.0 = Release|Any CPU
		{E64722E5-C9FB-4AFC-B55A-DDC2E525CE9D}.Debug|Any CPU.ActiveCfg = Debug|Any CPU
		{E64722E5-C9FB-4AFC-B55A-DDC2E525CE9D}.Debug|Any CPU.Build.0 = Debug|Any CPU
		{E64722E5-C9FB-4AFC-B55A-DDC2E525CE9D}.Release|Any CPU.ActiveCfg = Release|Any CPU
		{E64722E5-C9FB-4AFC-B55A-DDC2E525CE9D}.Release|Any CPU.Build.0 = Release|Any CPU
		{70A9D6A1-EDEE-4526-9175-F19374C377F3}.Debug|Any CPU.ActiveCfg = Debug|Any CPU
		{70A9D6A1-EDEE-4526-9175-F19374C377F3}.Debug|Any CPU.Build.0 = Debug|Any CPU
		{70A9D6A1-EDEE-4526-9175-F19374C377F3}.Release|Any CPU.ActiveCfg = Release|Any CPU
		{70A9D6A1-EDEE-4526-9175-F19374C377F3}.Release|Any CPU.Build.0 = Release|Any CPU
	EndGlobalSection
	GlobalSection(SolutionProperties) = preSolution
		HideSolutionNode = FALSE
	EndGlobalSection
	GlobalSection(ExtensibilityGlobals) = postSolution
		SolutionGuid = {2BC23C66-35FA-4163-8212-C87F21536428}
	EndGlobalSection
EndGlobal
